
Microsoft Visual Studio Solution File, Format Version 12.00
# Visual Studio Version 16
VisualStudioVersion = 16.0.31005.135
MinimumVisualStudioVersion = 10.0.40219.1
Project("{2150E333-8FDC-42A3-9474-1A3956D46DE8}") = "Services", "Services", "{BC11A0E5-CB86-431C-830F-DDDDC323CEAB}"
EndProject
Project("{2150E333-8FDC-42A3-9474-1A3956D46DE8}") = "WebApps", "WebApps", "{805591A6-5749-4D16-B02E-18E8096C8F1B}"
EndProject
Project("{2150E333-8FDC-42A3-9474-1A3956D46DE8}") = "Cadastros", "Cadastros", "{7F99CD59-01AB-4B79-9685-155D9FEFEE8E}"
EndProject
Project("{2150E333-8FDC-42A3-9474-1A3956D46DE8}") = "Catalogo", "Catalogo", "{9A304661-63B8-493D-9022-58BFCCC43673}"
EndProject
Project("{2150E333-8FDC-42A3-9474-1A3956D46DE8}") = "Core", "Core", "{68357E2E-7E53-44A5-883A-49507C267E4C}"
EndProject
Project("{2150E333-8FDC-42A3-9474-1A3956D46DE8}") = "Fiscal", "Fiscal", "{29A74567-E226-438F-9D06-AC8AC581FAA0}"
EndProject
Project("{2150E333-8FDC-42A3-9474-1A3956D46DE8}") = "Pagamentos", "Pagamentos", "{3BFC7FBE-78B5-4C2C-8D14-7FD086665A1C}"
EndProject
Project("{2150E333-8FDC-42A3-9474-1A3956D46DE8}") = "Vendas", "Vendas", "{53F811B2-E10F-405E-9512-3AAC9282DF2F}"
EndProject
Project("{9A19103F-16F7-4668-BE54-9A1E7A4F7556}") = "NerdStore.Catalogo.Domain", "src\NerdStore.Catalogo.Domain\NerdStore.Catalogo.Domain.csproj", "{453D0520-57E1-4B1E-A9AC-F6F6A5F92041}"
EndProject
Project("{9A19103F-16F7-4668-BE54-9A1E7A4F7556}") = "NerdStore.Core", "src\NerdStore.Core\NerdStore.Core.csproj", "{4E2C0743-588E-4AFE-AD4F-AE6DDBE690D7}"
EndProject
Project("{2150E333-8FDC-42A3-9474-1A3956D46DE8}") = "Tests", "Tests", "{441B7057-B80D-4F7C-9ED2-8F066E129CDC}"
EndProject
Project("{9A19103F-16F7-4668-BE54-9A1E7A4F7556}") = "NerdStore.Catalogo.Domain.Tests", "tests\NerdStore.Catalogo.Domain.Tests\NerdStore.Catalogo.Domain.Tests.csproj", "{CDFC5E9C-4CD4-40D1-99EE-DD86ED17CEF8}"
EndProject
Project("{9A19103F-16F7-4668-BE54-9A1E7A4F7556}") = "NerdStore.Catalogo.Data", "src\NerdStore.Catalogo.Data\NerdStore.Catalogo.Data.csproj", "{6884D1E8-271E-4FA0-BD44-B96655DC2787}"
EndProject
Project("{9A19103F-16F7-4668-BE54-9A1E7A4F7556}") = "NerdStore.Catalogo.Application", "src\NerdStore.Catalogo.Application\NerdStore.Catalogo.Application.csproj", "{C3477D46-763D-4D19-8FEF-7BA9BA5DB2B3}"
EndProject
Project("{9A19103F-16F7-4668-BE54-9A1E7A4F7556}") = "NerdStore.WebApp.MVC", "src\NerdStore.WebApp.MVC\NerdStore.WebApp.MVC.csproj", "{B37BE17D-A4C2-402B-81FB-00CE6D0EE765}"
EndProject
Project("{9A19103F-16F7-4668-BE54-9A1E7A4F7556}") = "NerdStore.Vendas.Domain", "src\NerdStore.Vendas.Domain\NerdStore.Vendas.Domain.csproj", "{35B75F8F-5CFA-4424-BEFC-B253B297DEEB}"
EndProject
Project("{9A19103F-16F7-4668-BE54-9A1E7A4F7556}") = "NerdStore.Vendas.Data", "src\NerdStore.Vendas.Data\NerdStore.Vendas.Data.csproj", "{02D89FE8-7386-44EC-B674-CF1349F98449}"
EndProject
Project("{9A19103F-16F7-4668-BE54-9A1E7A4F7556}") = "NerdStore.Vendas.Application", "src\NerdStore.Vendas.Application\NerdStore.Vendas.Application.csproj", "{9E5E2BC1-A11C-4AAE-948D-3AEB4C42C7A2}"
EndProject
Project("{9A19103F-16F7-4668-BE54-9A1E7A4F7556}") = "NerdStore.Pagamentos.AntiCorruption", "src\NerdStore.Pagamentos.AntiCorruption\NerdStore.Pagamentos.AntiCorruption.csproj", "{29A793E6-7923-4D0A-A54B-56A52C9089C5}"
EndProject
Project("{9A19103F-16F7-4668-BE54-9A1E7A4F7556}") = "NerdStore.Pagamentos.Business", "src\NerdStore.Pagamentos.Business\NerdStore.Pagamentos.Business.csproj", "{F796B2E3-6AC0-4906-B038-714FD7E2BE68}"
EndProject
Project("{9A19103F-16F7-4668-BE54-9A1E7A4F7556}") = "NerdStore.Pagamentos.Data", "src\NerdStore.Pagamentos.Data\NerdStore.Pagamentos.Data.csproj", "{279C310E-A2C7-4883-BB9C-6C085C42A288}"
EndProject
Project("{2150E333-8FDC-42A3-9474-1A3956D46DE8}") = "BuildingBlocks", "BuildingBlocks", "{027B5A72-4B62-4B12-B32A-493798AEB636}"
EndProject
Project("{FAE04EC0-301F-11D3-BF4B-00C04F79EFBC}") = "EventSourcing", "src\EventSourcing\EventSourcing.csproj", "{AFF067F2-5ED8-4718-B98E-A3665893EB41}"
EndProject
Global
	GlobalSection(SolutionConfigurationPlatforms) = preSolution
		Debug|Any CPU = Debug|Any CPU
		Release|Any CPU = Release|Any CPU
	EndGlobalSection
	GlobalSection(ProjectConfigurationPlatforms) = postSolution
		{453D0520-57E1-4B1E-A9AC-F6F6A5F92041}.Debug|Any CPU.ActiveCfg = Debug|Any CPU
		{453D0520-57E1-4B1E-A9AC-F6F6A5F92041}.Debug|Any CPU.Build.0 = Debug|Any CPU
		{453D0520-57E1-4B1E-A9AC-F6F6A5F92041}.Release|Any CPU.ActiveCfg = Release|Any CPU
		{453D0520-57E1-4B1E-A9AC-F6F6A5F92041}.Release|Any CPU.Build.0 = Release|Any CPU
		{4E2C0743-588E-4AFE-AD4F-AE6DDBE690D7}.Debug|Any CPU.ActiveCfg = Debug|Any CPU
		{4E2C0743-588E-4AFE-AD4F-AE6DDBE690D7}.Debug|Any CPU.Build.0 = Debug|Any CPU
		{4E2C0743-588E-4AFE-AD4F-AE6DDBE690D7}.Release|Any CPU.ActiveCfg = Release|Any CPU
		{4E2C0743-588E-4AFE-AD4F-AE6DDBE690D7}.Release|Any CPU.Build.0 = Release|Any CPU
		{CDFC5E9C-4CD4-40D1-99EE-DD86ED17CEF8}.Debug|Any CPU.ActiveCfg = Debug|Any CPU
		{CDFC5E9C-4CD4-40D1-99EE-DD86ED17CEF8}.Debug|Any CPU.Build.0 = Debug|Any CPU
		{CDFC5E9C-4CD4-40D1-99EE-DD86ED17CEF8}.Release|Any CPU.ActiveCfg = Release|Any CPU
		{CDFC5E9C-4CD4-40D1-99EE-DD86ED17CEF8}.Release|Any CPU.Build.0 = Release|Any CPU
		{6884D1E8-271E-4FA0-BD44-B96655DC2787}.Debug|Any CPU.ActiveCfg = Debug|Any CPU
		{6884D1E8-271E-4FA0-BD44-B96655DC2787}.Debug|Any CPU.Build.0 = Debug|Any CPU
		{6884D1E8-271E-4FA0-BD44-B96655DC2787}.Release|Any CPU.ActiveCfg = Release|Any CPU
		{6884D1E8-271E-4FA0-BD44-B96655DC2787}.Release|Any CPU.Build.0 = Release|Any CPU
		{C3477D46-763D-4D19-8FEF-7BA9BA5DB2B3}.Debug|Any CPU.ActiveCfg = Debug|Any CPU
		{C3477D46-763D-4D19-8FEF-7BA9BA5DB2B3}.Debug|Any CPU.Build.0 = Debug|Any CPU
		{C3477D46-763D-4D19-8FEF-7BA9BA5DB2B3}.Release|Any CPU.ActiveCfg = Release|Any CPU
		{C3477D46-763D-4D19-8FEF-7BA9BA5DB2B3}.Release|Any CPU.Build.0 = Release|Any CPU
		{B37BE17D-A4C2-402B-81FB-00CE6D0EE765}.Debug|Any CPU.ActiveCfg = Debug|Any CPU
		{B37BE17D-A4C2-402B-81FB-00CE6D0EE765}.Debug|Any CPU.Build.0 = Debug|Any CPU
		{B37BE17D-A4C2-402B-81FB-00CE6D0EE765}.Release|Any CPU.ActiveCfg = Release|Any CPU
		{B37BE17D-A4C2-402B-81FB-00CE6D0EE765}.Release|Any CPU.Build.0 = Release|Any CPU
		{35B75F8F-5CFA-4424-BEFC-B253B297DEEB}.Debug|Any CPU.ActiveCfg = Debug|Any CPU
		{35B75F8F-5CFA-4424-BEFC-B253B297DEEB}.Debug|Any CPU.Build.0 = Debug|Any CPU
		{35B75F8F-5CFA-4424-BEFC-B253B297DEEB}.Release|Any CPU.ActiveCfg = Release|Any CPU
		{35B75F8F-5CFA-4424-BEFC-B253B297DEEB}.Release|Any CPU.Build.0 = Release|Any CPU
		{02D89FE8-7386-44EC-B674-CF1349F98449}.Debug|Any CPU.ActiveCfg = Debug|Any CPU
		{02D89FE8-7386-44EC-B674-CF1349F98449}.Debug|Any CPU.Build.0 = Debug|Any CPU
		{02D89FE8-7386-44EC-B674-CF1349F98449}.Release|Any CPU.ActiveCfg = Release|Any CPU
		{02D89FE8-7386-44EC-B674-CF1349F98449}.Release|Any CPU.Build.0 = Release|Any CPU
		{9E5E2BC1-A11C-4AAE-948D-3AEB4C42C7A2}.Debug|Any CPU.ActiveCfg = Debug|Any CPU
		{9E5E2BC1-A11C-4AAE-948D-3AEB4C42C7A2}.Debug|Any CPU.Build.0 = Debug|Any CPU
		{9E5E2BC1-A11C-4AAE-948D-3AEB4C42C7A2}.Release|Any CPU.ActiveCfg = Release|Any CPU
		{9E5E2BC1-A11C-4AAE-948D-3AEB4C42C7A2}.Release|Any CPU.Build.0 = Release|Any CPU
		{29A793E6-7923-4D0A-A54B-56A52C9089C5}.Debug|Any CPU.ActiveCfg = Debug|Any CPU
		{29A793E6-7923-4D0A-A54B-56A52C9089C5}.Debug|Any CPU.Build.0 = Debug|Any CPU
		{29A793E6-7923-4D0A-A54B-56A52C9089C5}.Release|Any CPU.ActiveCfg = Release|Any CPU
		{29A793E6-7923-4D0A-A54B-56A52C9089C5}.Release|Any CPU.Build.0 = Release|Any CPU
		{F796B2E3-6AC0-4906-B038-714FD7E2BE68}.Debug|Any CPU.ActiveCfg = Debug|Any CPU
		{F796B2E3-6AC0-4906-B038-714FD7E2BE68}.Debug|Any CPU.Build.0 = Debug|Any CPU
		{F796B2E3-6AC0-4906-B038-714FD7E2BE68}.Release|Any CPU.ActiveCfg = Release|Any CPU
		{F796B2E3-6AC0-4906-B038-714FD7E2BE68}.Release|Any CPU.Build.0 = Release|Any CPU
		{279C310E-A2C7-4883-BB9C-6C085C42A288}.Debug|Any CPU.ActiveCfg = Debug|Any CPU
		{279C310E-A2C7-4883-BB9C-6C085C42A288}.Debug|Any CPU.Build.0 = Debug|Any CPU
		{279C310E-A2C7-4883-BB9C-6C085C42A288}.Release|Any CPU.ActiveCfg = Release|Any CPU
		{279C310E-A2C7-4883-BB9C-6C085C42A288}.Release|Any CPU.Build.0 = Release|Any CPU
		{AFF067F2-5ED8-4718-B98E-A3665893EB41}.Debug|Any CPU.ActiveCfg = Debug|Any CPU
		{AFF067F2-5ED8-4718-B98E-A3665893EB41}.Debug|Any CPU.Build.0 = Debug|Any CPU
		{AFF067F2-5ED8-4718-B98E-A3665893EB41}.Release|Any CPU.ActiveCfg = Release|Any CPU
		{AFF067F2-5ED8-4718-B98E-A3665893EB41}.Release|Any CPU.Build.0 = Release|Any CPU
	EndGlobalSection
	GlobalSection(SolutionProperties) = preSolution
		HideSolutionNode = FALSE
	EndGlobalSection
	GlobalSection(NestedProjects) = preSolution
		{7F99CD59-01AB-4B79-9685-155D9FEFEE8E} = {BC11A0E5-CB86-431C-830F-DDDDC323CEAB}
		{9A304661-63B8-493D-9022-58BFCCC43673} = {BC11A0E5-CB86-431C-830F-DDDDC323CEAB}
		{68357E2E-7E53-44A5-883A-49507C267E4C} = {BC11A0E5-CB86-431C-830F-DDDDC323CEAB}
		{29A74567-E226-438F-9D06-AC8AC581FAA0} = {BC11A0E5-CB86-431C-830F-DDDDC323CEAB}
		{3BFC7FBE-78B5-4C2C-8D14-7FD086665A1C} = {BC11A0E5-CB86-431C-830F-DDDDC323CEAB}
		{53F811B2-E10F-405E-9512-3AAC9282DF2F} = {BC11A0E5-CB86-431C-830F-DDDDC323CEAB}
		{453D0520-57E1-4B1E-A9AC-F6F6A5F92041} = {9A304661-63B8-493D-9022-58BFCCC43673}
		{4E2C0743-588E-4AFE-AD4F-AE6DDBE690D7} = {68357E2E-7E53-44A5-883A-49507C267E4C}
		{441B7057-B80D-4F7C-9ED2-8F066E129CDC} = {9A304661-63B8-493D-9022-58BFCCC43673}
		{CDFC5E9C-4CD4-40D1-99EE-DD86ED17CEF8} = {441B7057-B80D-4F7C-9ED2-8F066E129CDC}
		{6884D1E8-271E-4FA0-BD44-B96655DC2787} = {9A304661-63B8-493D-9022-58BFCCC43673}
		{C3477D46-763D-4D19-8FEF-7BA9BA5DB2B3} = {9A304661-63B8-493D-9022-58BFCCC43673}
		{B37BE17D-A4C2-402B-81FB-00CE6D0EE765} = {805591A6-5749-4D16-B02E-18E8096C8F1B}
		{35B75F8F-5CFA-4424-BEFC-B253B297DEEB} = {53F811B2-E10F-405E-9512-3AAC9282DF2F}
		{02D89FE8-7386-44EC-B674-CF1349F98449} = {53F811B2-E10F-405E-9512-3AAC9282DF2F}
		{9E5E2BC1-A11C-4AAE-948D-3AEB4C42C7A2} = {53F811B2-E10F-405E-9512-3AAC9282DF2F}
		{29A793E6-7923-4D0A-A54B-56A52C9089C5} = {3BFC7FBE-78B5-4C2C-8D14-7FD086665A1C}
		{F796B2E3-6AC0-4906-B038-714FD7E2BE68} = {3BFC7FBE-78B5-4C2C-8D14-7FD086665A1C}
		{279C310E-A2C7-4883-BB9C-6C085C42A288} = {3BFC7FBE-78B5-4C2C-8D14-7FD086665A1C}
		{AFF067F2-5ED8-4718-B98E-A3665893EB41} = {027B5A72-4B62-4B12-B32A-493798AEB636}
	EndGlobalSection
	GlobalSection(ExtensibilityGlobals) = postSolution
		SolutionGuid = {FC5C6F99-665C-4FE3-AC98-FC2A47C45EAC}
	EndGlobalSection
EndGlobal
